
Microsoft Visual Studio Solution File, Format Version 12.00
# Visual Studio Version 17
VisualStudioVersion = 17.0.32014.148
MinimumVisualStudioVersion = 10.0.40219.1
Project("{FAE04EC0-301F-11D3-BF4B-00C04F79EFBC}") = "Kindergarten", "Kindergarten\Kindergarten.csproj", "{01FCFB11-DFDC-4959-8E5B-BA51E2F92283}"
EndProject
Global
	GlobalSection(SolutionConfigurationPlatforms) = preSolution
		Debug|Any CPU = Debug|Any CPU
		Release|Any CPU = Release|Any CPU
	EndGlobalSection
	GlobalSection(ProjectConfigurationPlatforms) = postSolution
		{01FCFB11-DFDC-4959-8E5B-BA51E2F92283}.Debug|Any CPU.ActiveCfg = Debug|Any CPU
		{01FCFB11-DFDC-4959-8E5B-BA51E2F92283}.Debug|Any CPU.Build.0 = Debug|Any CPU
		{01FCFB11-DFDC-4959-8E5B-BA51E2F92283}.Release|Any CPU.ActiveCfg = Release|Any CPU
		{01FCFB11-DFDC-4959-8E5B-BA51E2F92283}.Release|Any CPU.Build.0 = Release|Any CPU
	EndGlobalSection
	GlobalSection(SolutionProperties) = preSolution
		HideSolutionNode = FALSE
	EndGlobalSection
	GlobalSection(ExtensibilityGlobals) = postSolution
		SolutionGuid = {DDD37547-01D9-4AC9-A44D-82EAC8570D52}
	EndGlobalSection
EndGlobal
